{
  "requires": true,
  "lockfileVersion": 1,
  "dependencies": {
    "@types/cannon": {
      "version": "0.1.0",
      "resolved": "https://registry.npmjs.org/@types/cannon/-/cannon-0.1.0.tgz",
      "integrity": "sha1-USC8hCB00zRXPIQSfLafQZaRu+o="
    },
    "@types/three": {
      "version": "0.84.18",
      "resolved": "https://registry.npmjs.org/@types/three/-/three-0.84.18.tgz",
      "integrity": "sha512-ZvGKIHhtF4fC+V6S3AKPKrGjjXUSGx19VwVaSIIEsBXnIdcoUXxa7K2n1kNCslZF+5ae70ktDKwFIunpFkMUCg==",
      "requires": {
        "@types/webvr-api": "0.0.31"
      }
    },
    "@types/webvr-api": {
      "version": "0.0.31",
      "resolved": "https://registry.npmjs.org/@types/webvr-api/-/webvr-api-0.0.31.tgz",
      "integrity": "sha1-9gYf6IoDXTSotqDFX4dYkB7IoI4="
    },
    "cannon": {
      "version": "0.6.2",
      "resolved": "https://registry.npmjs.org/cannon/-/cannon-0.6.2.tgz",
      "integrity": "sha1-HnvHLdWEGYLzwQTCvFeL+k+xxXI="
    },
    "shuffle-text": {
      "version": "https://registry.npmjs.org/shuffle-text/-/shuffle-text-0.2.4.tgz",
      "integrity": "sha1-4OApC4w1r1YO9gi8beiq/scVS+4="
    },
    "three": {
      "version": "0.84.0",
      "resolved": "https://registry.npmjs.org/three/-/three-0.84.0.tgz",
      "integrity": "sha1-lb6FpVoPoAKqYl7VWRMJV9z/2Rg="
    },
    "threejs-dice": {
      "version": "1.0.3",
      "resolved": "https://registry.npmjs.org/threejs-dice/-/threejs-dice-1.0.3.tgz",
      "integrity": "sha1-mwoewf5alvCcShFk2zL/xftJ8l4=",
      "requires": {
        "@types/cannon": "0.1.0",
        "@types/three": "0.84.18",
        "cannon": "0.6.2",
        "three": "0.84.0"
      }
    }
  }
}
